
Microsoft Visual Studio Solution File, Format Version 12.00
# Visual Studio Version 17
VisualStudioVersion = 17.7.34024.191
MinimumVisualStudioVersion = 10.0.40219.1
Project("{FAE04EC0-301F-11D3-BF4B-00C04F79EFBC}") = "MilenaDmitrievaKt-42-22", "MilenaDmitrievaKt-42-22\MilenaDmitrievaKt-42-22.csproj", "{3C60626B-70CF-467B-8AE1-DA0055FBC204}"
EndProject
Global
	GlobalSection(SolutionConfigurationPlatforms) = preSolution
		Debug|Any CPU = Debug|Any CPU
		Release|Any CPU = Release|Any CPU
	EndGlobalSection
	GlobalSection(ProjectConfigurationPlatforms) = postSolution
		{3C60626B-70CF-467B-8AE1-DA0055FBC204}.Debug|Any CPU.ActiveCfg = Debug|Any CPU
		{3C60626B-70CF-467B-8AE1-DA0055FBC204}.Debug|Any CPU.Build.0 = Debug|Any CPU
		{3C60626B-70CF-467B-8AE1-DA0055FBC204}.Release|Any CPU.ActiveCfg = Release|Any CPU
		{3C60626B-70CF-467B-8AE1-DA0055FBC204}.Release|Any CPU.Build.0 = Release|Any CPU
	EndGlobalSection
	GlobalSection(SolutionProperties) = preSolution
		HideSolutionNode = FALSE
	EndGlobalSection
	GlobalSection(ExtensibilityGlobals) = postSolution
		SolutionGuid = {08174395-1BBE-4C50-94C4-041D4FE66F20}
	EndGlobalSection
EndGlobal
